
Microsoft Visual Studio Solution File, Format Version 12.00
# Visual Studio Version 17
VisualStudioVersion = 17.7.34009.444
MinimumVisualStudioVersion = 10.0.40219.1
Project("{9A19103F-16F7-4668-BE54-9A1E7A4F7556}") = "HumanCapitalManagementApp", "HumanCapitalManagementApp\HumanCapitalManagementApp.csproj", "{466B5D34-32E5-4E05-80ED-D6817222DC23}"
EndProject
Project("{FAE04EC0-301F-11D3-BF4B-00C04F79EFBC}") = "HumanCapitalManagementApp.Data", "HumanCapitalManagementApp.Data\HumanCapitalManagementApp.Data.csproj", "{5B3764E1-7518-4D25-B45E-334A6A48AF94}"
EndProject
Project("{FAE04EC0-301F-11D3-BF4B-00C04F79EFBC}") = "HumanCapitalManagementApp.Data.Models", "HumanCapitalManagementApp.Data.Models\HumanCapitalManagementApp.Data.Models.csproj", "{E9EC1BB8-9C43-4B5A-A39D-1D5962FF1380}"
EndProject
Project("{FAE04EC0-301F-11D3-BF4B-00C04F79EFBC}") = "HumanCapitalManagementApp.Common", "HumanCapitalManagementApp.Common\HumanCapitalManagementApp.Common.csproj", "{20771DA1-ECF5-42BA-A7E0-9A546B4B0FC2}"
EndProject
Project("{FAE04EC0-301F-11D3-BF4B-00C04F79EFBC}") = "HumanCapitalManagementApp.ViewModels", "HumanCapitalManagementApp.ViewModels\HumanCapitalManagementApp.ViewModels.csproj", "{A7327F1B-C226-42CC-8AEB-2C243C418C84}"
EndProject
Project("{FAE04EC0-301F-11D3-BF4B-00C04F79EFBC}") = "HumanCapitalManagementApp.Services", "HumanCapitalManagementApp.Services\HumanCapitalManagementApp.Services.csproj", "{D5B591EC-3A6F-48AE-B358-99FCD2B9A9FF}"
EndProject
Global
	GlobalSection(SolutionConfigurationPlatforms) = preSolution
		Debug|Any CPU = Debug|Any CPU
		Release|Any CPU = Release|Any CPU
	EndGlobalSection
	GlobalSection(ProjectConfigurationPlatforms) = postSolution
		{466B5D34-32E5-4E05-80ED-D6817222DC23}.Debug|Any CPU.ActiveCfg = Debug|Any CPU
		{466B5D34-32E5-4E05-80ED-D6817222DC23}.Debug|Any CPU.Build.0 = Debug|Any CPU
		{466B5D34-32E5-4E05-80ED-D6817222DC23}.Release|Any CPU.ActiveCfg = Release|Any CPU
		{466B5D34-32E5-4E05-80ED-D6817222DC23}.Release|Any CPU.Build.0 = Release|Any CPU
		{5B3764E1-7518-4D25-B45E-334A6A48AF94}.Debug|Any CPU.ActiveCfg = Debug|Any CPU
		{5B3764E1-7518-4D25-B45E-334A6A48AF94}.Debug|Any CPU.Build.0 = Debug|Any CPU
		{5B3764E1-7518-4D25-B45E-334A6A48AF94}.Release|Any CPU.ActiveCfg = Release|Any CPU
		{5B3764E1-7518-4D25-B45E-334A6A48AF94}.Release|Any CPU.Build.0 = Release|Any CPU
		{E9EC1BB8-9C43-4B5A-A39D-1D5962FF1380}.Debug|Any CPU.ActiveCfg = Debug|Any CPU
		{E9EC1BB8-9C43-4B5A-A39D-1D5962FF1380}.Debug|Any CPU.Build.0 = Debug|Any CPU
		{E9EC1BB8-9C43-4B5A-A39D-1D5962FF1380}.Release|Any CPU.ActiveCfg = Release|Any CPU
		{E9EC1BB8-9C43-4B5A-A39D-1D5962FF1380}.Release|Any CPU.Build.0 = Release|Any CPU
		{20771DA1-ECF5-42BA-A7E0-9A546B4B0FC2}.Debug|Any CPU.ActiveCfg = Debug|Any CPU
		{20771DA1-ECF5-42BA-A7E0-9A546B4B0FC2}.Debug|Any CPU.Build.0 = Debug|Any CPU
		{20771DA1-ECF5-42BA-A7E0-9A546B4B0FC2}.Release|Any CPU.ActiveCfg = Release|Any CPU
		{20771DA1-ECF5-42BA-A7E0-9A546B4B0FC2}.Release|Any CPU.Build.0 = Release|Any CPU
		{A7327F1B-C226-42CC-8AEB-2C243C418C84}.Debug|Any CPU.ActiveCfg = Debug|Any CPU
		{A7327F1B-C226-42CC-8AEB-2C243C418C84}.Debug|Any CPU.Build.0 = Debug|Any CPU
		{A7327F1B-C226-42CC-8AEB-2C243C418C84}.Release|Any CPU.ActiveCfg = Release|Any CPU
		{A7327F1B-C226-42CC-8AEB-2C243C418C84}.Release|Any CPU.Build.0 = Release|Any CPU
		{D5B591EC-3A6F-48AE-B358-99FCD2B9A9FF}.Debug|Any CPU.ActiveCfg = Debug|Any CPU
		{D5B591EC-3A6F-48AE-B358-99FCD2B9A9FF}.Debug|Any CPU.Build.0 = Debug|Any CPU
		{D5B591EC-3A6F-48AE-B358-99FCD2B9A9FF}.Release|Any CPU.ActiveCfg = Release|Any CPU
		{D5B591EC-3A6F-48AE-B358-99FCD2B9A9FF}.Release|Any CPU.Build.0 = Release|Any CPU
	EndGlobalSection
	GlobalSection(SolutionProperties) = preSolution
		HideSolutionNode = FALSE
	EndGlobalSection
	GlobalSection(ExtensibilityGlobals) = postSolution
		SolutionGuid = {2F766AB7-513A-4EF2-BFA8-DF0185129658}
	EndGlobalSection
EndGlobal
